
Microsoft Visual Studio Solution File, Format Version 11.00
# Visual Studio 2010
Project("{8BC9CEB8-8B4A-11D0-8D11-00A0C91BC942}") = "Library", "Library\Library.vcxproj", "{39C3092E-D8A4-487A-AC1B-1D0F9FEA4AAF}"
EndProject
Project("{FAE04EC0-301F-11D3-BF4B-00C04F79EFBC}") = "CSClient", "CSClient\CSClient.csproj", "{38F749CE-2F70-46AA-A2D1-7CE5BED59681}"
EndProject
Global
	GlobalSection(SolutionConfigurationPlatforms) = preSolution
		Debug|Mixed Platforms = Debug|Mixed Platforms
		Debug|Win32 = Debug|Win32
		Debug|x86 = Debug|x86
		Release|Mixed Platforms = Release|Mixed Platforms
		Release|Win32 = Release|Win32
		Release|x86 = Release|x86
	EndGlobalSection
	GlobalSection(ProjectConfigurationPlatforms) = postSolution
		{39C3092E-D8A4-487A-AC1B-1D0F9FEA4AAF}.Debug|Mixed Platforms.ActiveCfg = Debug|Win32
		{39C3092E-D8A4-487A-AC1B-1D0F9FEA4AAF}.Debug|Mixed Platforms.Build.0 = Debug|Win32
		{39C3092E-D8A4-487A-AC1B-1D0F9FEA4AAF}.Debug|Win32.ActiveCfg = Debug|Win32
		{39C3092E-D8A4-487A-AC1B-1D0F9FEA4AAF}.Debug|Win32.Build.0 = Debug|Win32
		{39C3092E-D8A4-487A-AC1B-1D0F9FEA4AAF}.Debug|x86.ActiveCfg = Debug|Win32
		{39C3092E-D8A4-487A-AC1B-1D0F9FEA4AAF}.Release|Mixed Platforms.ActiveCfg = Release|Win32
		{39C3092E-D8A4-487A-AC1B-1D0F9FEA4AAF}.Release|Mixed Platforms.Build.0 = Release|Win32
		{39C3092E-D8A4-487A-AC1B-1D0F9FEA4AAF}.Release|Win32.ActiveCfg = Release|Win32
		{39C3092E-D8A4-487A-AC1B-1D0F9FEA4AAF}.Release|Win32.Build.0 = Release|Win32
		{39C3092E-D8A4-487A-AC1B-1D0F9FEA4AAF}.Release|x86.ActiveCfg = Release|Win32
		{38F749CE-2F70-46AA-A2D1-7CE5BED59681}.Debug|Mixed Platforms.ActiveCfg = Debug|x86
		{38F749CE-2F70-46AA-A2D1-7CE5BED59681}.Debug|Mixed Platforms.Build.0 = Debug|x86
		{38F749CE-2F70-46AA-A2D1-7CE5BED59681}.Debug|Win32.ActiveCfg = Debug|x86
		{38F749CE-2F70-46AA-A2D1-7CE5BED59681}.Debug|x86.ActiveCfg = Debug|x86
		{38F749CE-2F70-46AA-A2D1-7CE5BED59681}.Debug|x86.Build.0 = Debug|x86
		{38F749CE-2F70-46AA-A2D1-7CE5BED59681}.Release|Mixed Platforms.ActiveCfg = Release|x86
		{38F749CE-2F70-46AA-A2D1-7CE5BED59681}.Release|Mixed Platforms.Build.0 = Release|x86
		{38F749CE-2F70-46AA-A2D1-7CE5BED59681}.Release|Win32.ActiveCfg = Release|x86
		{38F749CE-2F70-46AA-A2D1-7CE5BED59681}.Release|x86.ActiveCfg = Release|x86
		{38F749CE-2F70-46AA-A2D1-7CE5BED59681}.Release|x86.Build.0 = Release|x86
	EndGlobalSection
	GlobalSection(SolutionProperties) = preSolution
		HideSolutionNode = FALSE
	EndGlobalSection
EndGlobal
